
Microsoft Visual Studio Solution File, Format Version 12.00
# Visual Studio 14
VisualStudioVersion = 14.0.25420.1
MinimumVisualStudioVersion = 10.0.40219.1
Project("{FAE04EC0-301F-11D3-BF4B-00C04F79EFBC}") = "PlantServices", "PlantServices\PlantServices.csproj", "{CBA99CF7-E030-4D25-BC41-7BBC3121C21A}"
EndProject
Project("{FAE04EC0-301F-11D3-BF4B-00C04F79EFBC}") = "PlantServices.Tests", "PlantServices.Tests\PlantServices.Tests.csproj", "{C82E8C14-F41B-4BAA-889E-A8CB1BF4DBD7}"
EndProject
Global
	GlobalSection(SolutionConfigurationPlatforms) = preSolution
		Debug|Any CPU = Debug|Any CPU
		Release|Any CPU = Release|Any CPU
	EndGlobalSection
	GlobalSection(ProjectConfigurationPlatforms) = postSolution
		{CBA99CF7-E030-4D25-BC41-7BBC3121C21A}.Debug|Any CPU.ActiveCfg = Debug|Any CPU
		{CBA99CF7-E030-4D25-BC41-7BBC3121C21A}.Debug|Any CPU.Build.0 = Debug|Any CPU
		{CBA99CF7-E030-4D25-BC41-7BBC3121C21A}.Release|Any CPU.ActiveCfg = Release|Any CPU
		{CBA99CF7-E030-4D25-BC41-7BBC3121C21A}.Release|Any CPU.Build.0 = Release|Any CPU
		{C82E8C14-F41B-4BAA-889E-A8CB1BF4DBD7}.Debug|Any CPU.ActiveCfg = Debug|Any CPU
		{C82E8C14-F41B-4BAA-889E-A8CB1BF4DBD7}.Debug|Any CPU.Build.0 = Debug|Any CPU
		{C82E8C14-F41B-4BAA-889E-A8CB1BF4DBD7}.Release|Any CPU.ActiveCfg = Release|Any CPU
		{C82E8C14-F41B-4BAA-889E-A8CB1BF4DBD7}.Release|Any CPU.Build.0 = Release|Any CPU
	EndGlobalSection
	GlobalSection(SolutionProperties) = preSolution
		HideSolutionNode = FALSE
	EndGlobalSection
EndGlobal
